
Microsoft Visual Studio Solution File, Format Version 11.00
# Visual Studio 2010
Project("{8BC9CEB8-8B4A-11D0-8D11-00A0C91BC942}") = "seal", "seal\seal.vcxproj", "{F1214071-F4ED-4C33-ABA2-107DABAE3FB9}"
EndProject
Project("{8BC9CEB8-8B4A-11D0-8D11-00A0C91BC942}") = "libogg", "libogg\libogg.vcxproj", "{5C22F807-F28B-45F6-9380-B2AA3E692E88}"
EndProject
Project("{8BC9CEB8-8B4A-11D0-8D11-00A0C91BC942}") = "libvorbis", "libvorbis\libvorbis.vcxproj", "{204AF737-0171-4026-A116-4341CBE473DE}"
EndProject
Project("{8BC9CEB8-8B4A-11D0-8D11-00A0C91BC942}") = "libmpg123", "..\mpg123\ports\MSVC++\2010\libmpg123\libmpg123.vcxproj", "{67CAA87B-7CF1-4F93-BB67-21C513F40803}"
EndProject
Project("{8BC9CEB8-8B4A-11D0-8D11-00A0C91BC942}") = "test", "test\test.vcxproj", "{40F882A9-FD6D-414F-83D4-A4B2CDAC88E8}"
EndProject
Global
	GlobalSection(SolutionConfigurationPlatforms) = preSolution
		Debug_x86|Win32 = Debug_x86|Win32
		Debug|Win32 = Debug|Win32
		Release_x86|Win32 = Release_x86|Win32
		Release|Win32 = Release|Win32
	EndGlobalSection
	GlobalSection(ProjectConfigurationPlatforms) = postSolution
		{F1214071-F4ED-4C33-ABA2-107DABAE3FB9}.Debug_x86|Win32.ActiveCfg = DllDebug|Win32
		{F1214071-F4ED-4C33-ABA2-107DABAE3FB9}.Debug_x86|Win32.Build.0 = DllDebug|Win32
		{F1214071-F4ED-4C33-ABA2-107DABAE3FB9}.Debug|Win32.ActiveCfg = DllDebug|Win32
		{F1214071-F4ED-4C33-ABA2-107DABAE3FB9}.Debug|Win32.Build.0 = DllDebug|Win32
		{F1214071-F4ED-4C33-ABA2-107DABAE3FB9}.Release_x86|Win32.ActiveCfg = DllRelease|Win32
		{F1214071-F4ED-4C33-ABA2-107DABAE3FB9}.Release_x86|Win32.Build.0 = DllRelease|Win32
		{F1214071-F4ED-4C33-ABA2-107DABAE3FB9}.Release|Win32.ActiveCfg = DllRelease|Win32
		{F1214071-F4ED-4C33-ABA2-107DABAE3FB9}.Release|Win32.Build.0 = DllRelease|Win32
		{5C22F807-F28B-45F6-9380-B2AA3E692E88}.Debug_x86|Win32.ActiveCfg = Debug|Win32
		{5C22F807-F28B-45F6-9380-B2AA3E692E88}.Debug_x86|Win32.Build.0 = Debug|Win32
		{5C22F807-F28B-45F6-9380-B2AA3E692E88}.Debug|Win32.ActiveCfg = Debug|Win32
		{5C22F807-F28B-45F6-9380-B2AA3E692E88}.Debug|Win32.Build.0 = Debug|Win32
		{5C22F807-F28B-45F6-9380-B2AA3E692E88}.Release_x86|Win32.ActiveCfg = Release|Win32
		{5C22F807-F28B-45F6-9380-B2AA3E692E88}.Release_x86|Win32.Build.0 = Release|Win32
		{5C22F807-F28B-45F6-9380-B2AA3E692E88}.Release|Win32.ActiveCfg = Release|Win32
		{5C22F807-F28B-45F6-9380-B2AA3E692E88}.Release|Win32.Build.0 = Release|Win32
		{204AF737-0171-4026-A116-4341CBE473DE}.Debug_x86|Win32.ActiveCfg = Debug|Win32
		{204AF737-0171-4026-A116-4341CBE473DE}.Debug_x86|Win32.Build.0 = Debug|Win32
		{204AF737-0171-4026-A116-4341CBE473DE}.Debug|Win32.ActiveCfg = Debug|Win32
		{204AF737-0171-4026-A116-4341CBE473DE}.Debug|Win32.Build.0 = Debug|Win32
		{204AF737-0171-4026-A116-4341CBE473DE}.Release_x86|Win32.ActiveCfg = Release|Win32
		{204AF737-0171-4026-A116-4341CBE473DE}.Release_x86|Win32.Build.0 = Release|Win32
		{204AF737-0171-4026-A116-4341CBE473DE}.Release|Win32.ActiveCfg = Release|Win32
		{204AF737-0171-4026-A116-4341CBE473DE}.Release|Win32.Build.0 = Release|Win32
		{67CAA87B-7CF1-4F93-BB67-21C513F40803}.Debug_x86|Win32.ActiveCfg = Debug_x86|Win32
		{67CAA87B-7CF1-4F93-BB67-21C513F40803}.Debug_x86|Win32.Build.0 = Debug_x86|Win32
		{67CAA87B-7CF1-4F93-BB67-21C513F40803}.Debug|Win32.ActiveCfg = Debug_Generic|Win32
		{67CAA87B-7CF1-4F93-BB67-21C513F40803}.Debug|Win32.Build.0 = Debug_Generic|Win32
		{67CAA87B-7CF1-4F93-BB67-21C513F40803}.Release_x86|Win32.ActiveCfg = Release_x86|Win32
		{67CAA87B-7CF1-4F93-BB67-21C513F40803}.Release_x86|Win32.Build.0 = Release_x86|Win32
		{67CAA87B-7CF1-4F93-BB67-21C513F40803}.Release|Win32.ActiveCfg = Release_Generic|Win32
		{67CAA87B-7CF1-4F93-BB67-21C513F40803}.Release|Win32.Build.0 = Release_Generic|Win32
		{40F882A9-FD6D-414F-83D4-A4B2CDAC88E8}.Debug_x86|Win32.ActiveCfg = Debug|Win32
		{40F882A9-FD6D-414F-83D4-A4B2CDAC88E8}.Debug_x86|Win32.Build.0 = Debug|Win32
		{40F882A9-FD6D-414F-83D4-A4B2CDAC88E8}.Debug|Win32.ActiveCfg = Debug|Win32
		{40F882A9-FD6D-414F-83D4-A4B2CDAC88E8}.Debug|Win32.Build.0 = Debug|Win32
		{40F882A9-FD6D-414F-83D4-A4B2CDAC88E8}.Release_x86|Win32.ActiveCfg = Release|Win32
		{40F882A9-FD6D-414F-83D4-A4B2CDAC88E8}.Release_x86|Win32.Build.0 = Release|Win32
		{40F882A9-FD6D-414F-83D4-A4B2CDAC88E8}.Release|Win32.ActiveCfg = Release|Win32
		{40F882A9-FD6D-414F-83D4-A4B2CDAC88E8}.Release|Win32.Build.0 = Release|Win32
	EndGlobalSection
	GlobalSection(SolutionProperties) = preSolution
		HideSolutionNode = FALSE
	EndGlobalSection
EndGlobal
