<?xml version="1.0" encoding="utf-8"?>
<Project ToolsVersion="4.0" xmlns="http://schemas.microsoft.com/developer/msbuild/2003">
  <ItemGroup>
    <Filter Include="include">
      <UniqueIdentifier>{93995380-89BD-4b04-88EB-625FBE52EBFB}</UniqueIdentifier>
      <Extensions>h;hpp;hxx;hm;inl;inc;xsd</Extensions>
    </Filter>
    <Filter Include="include\vorbis">
      <UniqueIdentifier>{83f9b4d8-78cc-49cc-8748-5baea45c7080}</UniqueIdentifier>
    </Filter>
    <Filter Include="src">
      <UniqueIdentifier>{4FC737F1-C7A5-4376-A066-2A32D752A2FF}</UniqueIdentifier>
      <Extensions>cpp;c;cc;cxx;def;odl;idl;hpj;bat;asm;asmx</Extensions>
    </Filter>
  </ItemGroup>
  <ItemGroup>
    <ClInclude Include="..\..\include\vorbis\codec.h">
      <Filter>include\vorbis</Filter>
    </ClInclude>
    <ClInclude Include="..\..\include\vorbis\vorbisfile.h">
      <Filter>include\vorbis</Filter>
    </ClInclude>
    <ClInclude Include="..\..\src\libvorbis\backends.h">
      <Filter>include</Filter>
    </ClInclude>
    <ClInclude Include="..\..\src\libvorbis\bitrate.h">
      <Filter>include</Filter>
    </ClInclude>
    <ClInclude Include="..\..\src\libvorbis\codebook.h">
      <Filter>include</Filter>
    </ClInclude>
    <ClInclude Include="..\..\src\libvorbis\codec_internal.h">
      <Filter>include</Filter>
    </ClInclude>
    <ClInclude Include="..\..\src\libvorbis\envelope.h">
      <Filter>include</Filter>
    </ClInclude>
    <ClInclude Include="..\..\src\libvorbis\highlevel.h">
      <Filter>include</Filter>
    </ClInclude>
    <ClInclude Include="..\..\src\libvorbis\lookup.h">
      <Filter>include</Filter>
    </ClInclude>
    <ClInclude Include="..\..\src\libvorbis\lookup_data.h">
      <Filter>include</Filter>
    </ClInclude>
    <ClInclude Include="..\..\src\libvorbis\lpc.h">
      <Filter>include</Filter>
    </ClInclude>
    <ClInclude Include="..\..\src\libvorbis\lsp.h">
      <Filter>include</Filter>
    </ClInclude>
    <ClInclude Include="..\..\src\libvorbis\masking.h">
      <Filter>include</Filter>
    </ClInclude>
    <ClInclude Include="..\..\src\libvorbis\mdct.h">
      <Filter>include</Filter>
    </ClInclude>
    <ClInclude Include="..\..\src\libvorbis\misc.h">
      <Filter>include</Filter>
    </ClInclude>
    <ClInclude Include="..\..\src\libvorbis\os.h">
      <Filter>include</Filter>
    </ClInclude>
    <ClInclude Include="..\..\src\libvorbis\psy.h">
      <Filter>include</Filter>
    </ClInclude>
    <ClInclude Include="..\..\src\libvorbis\registry.h">
      <Filter>include</Filter>
    </ClInclude>
    <ClInclude Include="..\..\src\libvorbis\scales.h">
      <Filter>include</Filter>
    </ClInclude>
    <ClInclude Include="..\..\src\libvorbis\smallft.h">
      <Filter>include</Filter>
    </ClInclude>
    <ClInclude Include="..\..\src\libvorbis\window.h">
      <Filter>include</Filter>
    </ClInclude>
  </ItemGroup>
  <ItemGroup>
    <ClCompile Include="..\..\src\libvorbis\codebook.c">
      <Filter>src</Filter>
    </ClCompile>
    <ClCompile Include="..\..\src\libvorbis\envelope.c">
      <Filter>src</Filter>
    </ClCompile>
    <ClCompile Include="..\..\src\libvorbis\info.c">
      <Filter>src</Filter>
    </ClCompile>
    <ClCompile Include="..\..\src\libvorbis\mdct.c">
      <Filter>src</Filter>
    </ClCompile>
    <ClCompile Include="..\..\src\libvorbis\psy.c">
      <Filter>src</Filter>
    </ClCompile>
    <ClCompile Include="..\..\src\libvorbis\vorbisfile.c">
      <Filter>src</Filter>
    </ClCompile>
    <ClCompile Include="..\..\src\libvorbis\smallft.c">
      <Filter>src</Filter>
    </ClCompile>
    <ClCompile Include="..\..\src\libvorbis\bitrate.c">
      <Filter>src</Filter>
    </ClCompile>
    <ClCompile Include="..\..\src\libvorbis\lpc.c">
      <Filter>src</Filter>
    </ClCompile>
    <ClCompile Include="..\..\src\libvorbis\window.c">
      <Filter>src</Filter>
    </ClCompile>
    <ClCompile Include="..\..\src\libvorbis\registry.c">
      <Filter>src</Filter>
    </ClCompile>
    <ClCompile Include="..\..\src\libvorbis\sharedbook.c">
      <Filter>src</Filter>
    </ClCompile>
    <ClCompile Include="..\..\src\libvorbis\mapping0.c">
      <Filter>src</Filter>
    </ClCompile>
    <ClCompile Include="..\..\src\libvorbis\lsp.c">
      <Filter>src</Filter>
    </ClCompile>
    <ClCompile Include="..\..\src\libvorbis\lookup.c">
      <Filter>src</Filter>
    </ClCompile>
    <ClCompile Include="..\..\src\libvorbis\block.c">
      <Filter>src</Filter>
    </ClCompile>
    <ClCompile Include="..\..\src\libvorbis\floor1.c">
      <Filter>src</Filter>
    </ClCompile>
    <ClCompile Include="..\..\src\libvorbis\res0.c">
      <Filter>src</Filter>
    </ClCompile>
    <ClCompile Include="..\..\src\libvorbis\synthesis.c">
      <Filter>src</Filter>
    </ClCompile>
    <ClCompile Include="..\..\src\libvorbis\floor0.c">
      <Filter>src</Filter>
    </ClCompile>
  </ItemGroup>
</Project>